
Microsoft Visual Studio Solution File, Format Version 12.00
# Visual Studio Version 16
VisualStudioVersion = 16.0.33328.57
MinimumVisualStudioVersion = 10.0.40219.1
Project("{FAE04EC0-301F-11D3-BF4B-00C04F79EFBC}") = "WebApplicationMH", "WebApplicationMH\WebApplicationMH.csproj", "{EA927024-F056-429C-9CF8-BA5900478A79}"
EndProject
Global
	GlobalSection(SolutionConfigurationPlatforms) = preSolution
		Debug|Any CPU = Debug|Any CPU
		Release|Any CPU = Release|Any CPU
	EndGlobalSection
	GlobalSection(ProjectConfigurationPlatforms) = postSolution
		{EA927024-F056-429C-9CF8-BA5900478A79}.Debug|Any CPU.ActiveCfg = Debug|Any CPU
		{EA927024-F056-429C-9CF8-BA5900478A79}.Debug|Any CPU.Build.0 = Debug|Any CPU
		{EA927024-F056-429C-9CF8-BA5900478A79}.Release|Any CPU.ActiveCfg = Release|Any CPU
		{EA927024-F056-429C-9CF8-BA5900478A79}.Release|Any CPU.Build.0 = Release|Any CPU
	EndGlobalSection
	GlobalSection(SolutionProperties) = preSolution
		HideSolutionNode = FALSE
	EndGlobalSection
	GlobalSection(ExtensibilityGlobals) = postSolution
		SolutionGuid = {6CC74342-E852-4D7C-AC7F-E75BECD18235}
	EndGlobalSection
EndGlobal
